
Microsoft Visual Studio Solution File, Format Version 12.00
# Visual Studio Version 16
VisualStudioVersion = 16.0.30804.86
MinimumVisualStudioVersion = 10.0.40219.1
Project("{9A19103F-16F7-4668-BE54-9A1E7A4F7556}") = "CV19", "CV19\CV19.csproj", "{283A4763-6B19-4112-A32A-F23D6B1DE8B1}"
EndProject
Project("{FAE04EC0-301F-11D3-BF4B-00C04F79EFBC}") = "TestLib", "WpfCustomControlLibrary1\TestLib.csproj", "{269D41CF-8167-4B62-8AE6-CCC9E3F75D44}"
EndProject
Global
	GlobalSection(SolutionConfigurationPlatforms) = preSolution
		Debug|Any CPU = Debug|Any CPU
		Release|Any CPU = Release|Any CPU
	EndGlobalSection
	GlobalSection(ProjectConfigurationPlatforms) = postSolution
		{283A4763-6B19-4112-A32A-F23D6B1DE8B1}.Debug|Any CPU.ActiveCfg = Debug|Any CPU
		{283A4763-6B19-4112-A32A-F23D6B1DE8B1}.Debug|Any CPU.Build.0 = Debug|Any CPU
		{283A4763-6B19-4112-A32A-F23D6B1DE8B1}.Release|Any CPU.ActiveCfg = Release|Any CPU
		{283A4763-6B19-4112-A32A-F23D6B1DE8B1}.Release|Any CPU.Build.0 = Release|Any CPU
		{269D41CF-8167-4B62-8AE6-CCC9E3F75D44}.Debug|Any CPU.ActiveCfg = Debug|Any CPU
		{269D41CF-8167-4B62-8AE6-CCC9E3F75D44}.Debug|Any CPU.Build.0 = Debug|Any CPU
		{269D41CF-8167-4B62-8AE6-CCC9E3F75D44}.Release|Any CPU.ActiveCfg = Release|Any CPU
		{269D41CF-8167-4B62-8AE6-CCC9E3F75D44}.Release|Any CPU.Build.0 = Release|Any CPU
	EndGlobalSection
	GlobalSection(SolutionProperties) = preSolution
		HideSolutionNode = FALSE
	EndGlobalSection
	GlobalSection(ExtensibilityGlobals) = postSolution
		SolutionGuid = {A6C51E87-2E0D-4B48-9C16-9469F84A20D8}
	EndGlobalSection
EndGlobal
